schema: '2.0'
stages:
  stage_01:
    cmd: python stage_01.py
    deps:
    - path: stage_01.py
      md5: 2e3d8606a9ff6bebf0cdfc56f9dcc8dc
      size: 76
    outs:
    - path: artifacts01.txt
      md5: b08ef180fbaad45bfe26a29e25e72dc5
      size: 8
  stage_02:
    cmd: python stage_02.py
    deps:
    - path: artifacts01.txt
      md5: b08ef180fbaad45bfe26a29e25e72dc5
      size: 8
    - path: stage_02.py
      md5: 6c9b5187884e6f172db6825741485df2
      size: 73
